// !$*UTF8*$!
{
	archiveVersion = 1;
	classes = {
	};
	objectVersion = 50;
	objects = {

/* Begin PBXBuildFile section */
		3A0C670C2216ADC5003A248F /* Solution149.swift in Sources */ = {isa = PBXBuildFile; fileRef = 3A0C670B2216ADC5003A248F /* Solution149.swift */; };
		3A4821F9221AA31300C4C050 /* Solution149TestData.json in Resources */ = {isa = PBXBuildFile; fileRef = 3A4821F6221AA31300C4C050 /* Solution149TestData.json */; };
		3A4821FA221AA31300C4C050 /* Solution149Test.swift in Sources */ = {isa = PBXBuildFile; fileRef = 3A4821F7221AA31300C4C050 /* Solution149Test.swift */; };
		3A4821FB221AA31300C4C050 /* Solution149TestDataUnit.swift in Sources */ = {isa = PBXBuildFile; fileRef = 3A4821F8221AA31300C4C050 /* Solution149TestDataUnit.swift */; };
		3A4821FC221AA3D400C4C050 /* Solution149.swift in Sources */ = {isa = PBXBuildFile; fileRef = 3A0C670B2216ADC5003A248F /* Solution149.swift */; };
		3A9EDF5B22043FA200A8813A /* main.swift in Sources */ = {isa = PBXBuildFile; fileRef = 3A9EDF5A22043FA200A8813A /* main.swift */; };
		3AAD23412204442A008D12BC /* Solution212Test.swift in Sources */ = {isa = PBXBuildFile; fileRef = 3AAD23402204442A008D12BC /* Solution212Test.swift */; };
		3AAD2344220447E3008D12BC /* Solution212TestDataUnit.swift in Sources */ = {isa = PBXBuildFile; fileRef = 3AAD2343220447E3008D12BC /* Solution212TestDataUnit.swift */; };
		3AAD234622044827008D12BC /* Solution212TestData.json in Resources */ = {isa = PBXBuildFile; fileRef = 3AAD234522044827008D12BC /* Solution212TestData.json */; };
		3AAD234822044FDF008D12BC /* XCTest+Exstension.swift in Sources */ = {isa = PBXBuildFile; fileRef = 3AAD234722044FDF008D12BC /* XCTest+Exstension.swift */; };
		3AF5A56822159982001BE6F8 /* Solution126TestData.json in Resources */ = {isa = PBXBuildFile; fileRef = 3AF5A56522159982001BE6F8 /* Solution126TestData.json */; };
		3AF5A56922159982001BE6F8 /* Solution126Test.swift in Sources */ = {isa = PBXBuildFile; fileRef = 3AF5A56622159982001BE6F8 /* Solution126Test.swift */; };
		3AF5A56A22159982001BE6F8 /* Solution126TestDataUnit.swift in Sources */ = {isa = PBXBuildFile; fileRef = 3AF5A56722159982001BE6F8 /* Solution126TestDataUnit.swift */; };
		3AF5A56B22159C82001BE6F8 /* Solution126.swift in Sources */ = {isa = PBXBuildFile; fileRef = 3AFD1A142213065100CAFAEC /* Solution126.swift */; };
		3AFD1A0C2212C29200CAFAEC /* Solution212.swift in Sources */ = {isa = PBXBuildFile; fileRef = 3AFD1A0B2212C29200CAFAEC /* Solution212.swift */; };
		3AFD1A0E2212C2A700CAFAEC /* Solution212.Structs.swift in Sources */ = {isa = PBXBuildFile; fileRef = 3AFD1A0D2212C2A700CAFAEC /* Solution212.Structs.swift */; };
		3AFD1A0F2212E9DE00CAFAEC /* Solution212.swift in Sources */ = {isa = PBXBuildFile; fileRef = 3AFD1A0B2212C29200CAFAEC /* Solution212.swift */; };
		3AFD1A102212E9DE00CAFAEC /* Solution212.Structs.swift in Sources */ = {isa = PBXBuildFile; fileRef = 3AFD1A0D2212C2A700CAFAEC /* Solution212.Structs.swift */; };
		3AFD1A152213065100CAFAEC /* Solution126.swift in Sources */ = {isa = PBXBuildFile; fileRef = 3AFD1A142213065100CAFAEC /* Solution126.swift */; };
/* End PBXBuildFile section */

/* Begin PBXCopyFilesBuildPhase section */
		3A9EDF5522043FA200A8813A /* CopyFiles */ = {
			isa = PBXCopyFilesBuildPhase;
			buildActionMask = 2147483647;
			dstPath = /usr/share/man/man1/;
			dstSubfolderSpec = 0;
			files = (
			);
			runOnlyForDeploymentPostprocessing = 1;
		};
/* End PBXCopyFilesBuildPhase section */

/* Begin PBXFileReference section */
		3A0C670B2216ADC5003A248F /* Solution149.swift */ = {isa = PBXFileReference; fileEncoding = 4; lastKnownFileType = sourcecode.swift; path = Solution149.swift; sourceTree = "<group>"; };
		3A4821F6221AA31300C4C050 /* Solution149TestData.json */ = {isa = PBXFileReference; fileEncoding = 4; lastKnownFileType = text.json; path = Solution149TestData.json; sourceTree = "<group>"; };
		3A4821F7221AA31300C4C050 /* Solution149Test.swift */ = {isa = PBXFileReference; fileEncoding = 4; lastKnownFileType = sourcecode.swift; path = Solution149Test.swift; sourceTree = "<group>"; };
		3A4821F8221AA31300C4C050 /* Solution149TestDataUnit.swift */ = {isa = PBXFileReference; fileEncoding = 4; lastKnownFileType = sourcecode.swift; path = Solution149TestDataUnit.swift; sourceTree = "<group>"; };
		3A9EDF5722043FA200A8813A /* leetcodeSolutions */ = {isa = PBXFileReference; explicitFileType = "compiled.mach-o.executable"; includeInIndex = 0; path = leetcodeSolutions; sourceTree = BUILT_PRODUCTS_DIR; };
		3A9EDF5A22043FA200A8813A /* main.swift */ = {isa = PBXFileReference; lastKnownFileType = sourcecode.swift; path = main.swift; sourceTree = "<group>"; };
		3AAD2337220442BC008D12BC /* leetCodeSolutionsUnitTest.xctest */ = {isa = PBXFileReference; explicitFileType = wrapper.cfbundle; includeInIndex = 0; path = leetCodeSolutionsUnitTest.xctest; sourceTree = BUILT_PRODUCTS_DIR; };
		3AAD233B220442BC008D12BC /* Info.plist */ = {isa = PBXFileReference; lastKnownFileType = text.plist.xml; path = Info.plist; sourceTree = "<group>"; };
		3AAD23402204442A008D12BC /* Solution212Test.swift */ = {isa = PBXFileReference; fileEncoding = 4; lastKnownFileType = sourcecode.swift; path = Solution212Test.swift; sourceTree = "<group>"; };
		3AAD2343220447E3008D12BC /* Solution212TestDataUnit.swift */ = {isa = PBXFileReference; lastKnownFileType = sourcecode.swift; path = Solution212TestDataUnit.swift; sourceTree = "<group>"; };
		3AAD234522044827008D12BC /* Solution212TestData.json */ = {isa = PBXFileReference; lastKnownFileType = text.json; path = Solution212TestData.json; sourceTree = "<group>"; };
		3AAD234722044FDF008D12BC /* XCTest+Exstension.swift */ = {isa = PBXFileReference; lastKnownFileType = sourcecode.swift; path = "XCTest+Exstension.swift"; sourceTree = "<group>"; };
		3AF5A56522159982001BE6F8 /* Solution126TestData.json */ = {isa = PBXFileReference; fileEncoding = 4; lastKnownFileType = text.json; path = Solution126TestData.json; sourceTree = "<group>"; };
		3AF5A56622159982001BE6F8 /* Solution126Test.swift */ = {isa = PBXFileReference; fileEncoding = 4; lastKnownFileType = sourcecode.swift; path = Solution126Test.swift; sourceTree = "<group>"; };
		3AF5A56722159982001BE6F8 /* Solution126TestDataUnit.swift */ = {isa = PBXFileReference; fileEncoding = 4; lastKnownFileType = sourcecode.swift; path = Solution126TestDataUnit.swift; sourceTree = "<group>"; };
		3AFD1A0B2212C29200CAFAEC /* Solution212.swift */ = {isa = PBXFileReference; fileEncoding = 4; lastKnownFileType = sourcecode.swift; path = Solution212.swift; sourceTree = "<group>"; };
		3AFD1A0D2212C2A700CAFAEC /* Solution212.Structs.swift */ = {isa = PBXFileReference; lastKnownFileType = sourcecode.swift; path = Solution212.Structs.swift; sourceTree = "<group>"; };
		3AFD1A142213065100CAFAEC /* Solution126.swift */ = {isa = PBXFileReference; fileEncoding = 4; lastKnownFileType = sourcecode.swift; path = Solution126.swift; sourceTree = "<group>"; };
/* End PBXFileReference section */

/* Begin PBXFrameworksBuildPhase section */
		3A9EDF5422043FA200A8813A /* Frameworks */ = {
			isa = PBXFrameworksBuildPhase;
			buildActionMask = 2147483647;
			files = (
			);
			runOnlyForDeploymentPostprocessing = 0;
		};
		3AAD2334220442BC008D12BC /* Frameworks */ = {
			isa = PBXFrameworksBuildPhase;
			buildActionMask = 2147483647;
			files = (
			);
			runOnlyForDeploymentPostprocessing = 0;
		};
/* End PBXFrameworksBuildPhase section */

/* Begin PBXGroup section */
		3A0C670A2216ADC5003A248F /* Solution149 */ = {
			isa = PBXGroup;
			children = (
				3A0C670B2216ADC5003A248F /* Solution149.swift */,
			);
			path = Solution149;
			sourceTree = "<group>";
		};
		3A4821F5221AA31300C4C050 /* Solution149 */ = {
			isa = PBXGroup;
			children = (
				3A4821F6221AA31300C4C050 /* Solution149TestData.json */,
				3A4821F7221AA31300C4C050 /* Solution149Test.swift */,
				3A4821F8221AA31300C4C050 /* Solution149TestDataUnit.swift */,
			);
			path = Solution149;
			sourceTree = "<group>";
		};
		3A9EDF4E22043FA200A8813A = {
			isa = PBXGroup;
			children = (
				3A9EDF5922043FA200A8813A /* leetcodeSolutions */,
				3AAD2338220442BC008D12BC /* leetCodeSolutionsUnitTest */,
				3A9EDF5822043FA200A8813A /* Products */,
			);
			sourceTree = "<group>";
		};
		3A9EDF5822043FA200A8813A /* Products */ = {
			isa = PBXGroup;
			children = (
				3A9EDF5722043FA200A8813A /* leetcodeSolutions */,
				3AAD2337220442BC008D12BC /* leetCodeSolutionsUnitTest.xctest */,
			);
			name = Products;
			sourceTree = "<group>";
		};
		3A9EDF5922043FA200A8813A /* leetcodeSolutions */ = {
			isa = PBXGroup;
			children = (
				3A9EDF5A22043FA200A8813A /* main.swift */,
				3AFD1A092212C29200CAFAEC /* problems */,
			);
			path = leetcodeSolutions;
			sourceTree = "<group>";
		};
		3AAD2338220442BC008D12BC /* leetCodeSolutionsUnitTest */ = {
			isa = PBXGroup;
			children = (
				3AAD233B220442BC008D12BC /* Info.plist */,
				3A4821F5221AA31300C4C050 /* Solution149 */,
				3AF5A56422159982001BE6F8 /* Solution126 */,
				3AAD233F2204442A008D12BC /* Solution212 */,
				3AAD234722044FDF008D12BC /* XCTest+Exstension.swift */,
			);
			path = leetCodeSolutionsUnitTest;
			sourceTree = "<group>";
		};
		3AAD233F2204442A008D12BC /* Solution212 */ = {
			isa = PBXGroup;
			children = (
				3AAD23402204442A008D12BC /* Solution212Test.swift */,
				3AAD2343220447E3008D12BC /* Solution212TestDataUnit.swift */,
				3AAD234522044827008D12BC /* Solution212TestData.json */,
			);
			path = Solution212;
			sourceTree = "<group>";
		};
		3AF5A56422159982001BE6F8 /* Solution126 */ = {
			isa = PBXGroup;
			children = (
				3AF5A56622159982001BE6F8 /* Solution126Test.swift */,
				3AF5A56722159982001BE6F8 /* Solution126TestDataUnit.swift */,
				3AF5A56522159982001BE6F8 /* Solution126TestData.json */,
			);
			path = Solution126;
			sourceTree = "<group>";
		};
		3AFD1A092212C29200CAFAEC /* problems */ = {
			isa = PBXGroup;
			children = (
				3A0C670A2216ADC5003A248F /* Solution149 */,
				3AFD1A132213065100CAFAEC /* Solution126 */,
				3AFD1A0A2212C29200CAFAEC /* Solution212 */,
			);
			path = problems;
			sourceTree = "<group>";
		};
		3AFD1A0A2212C29200CAFAEC /* Solution212 */ = {
			isa = PBXGroup;
			children = (
				3AFD1A0B2212C29200CAFAEC /* Solution212.swift */,
				3AFD1A0D2212C2A700CAFAEC /* Solution212.Structs.swift */,
			);
			path = Solution212;
			sourceTree = "<group>";
		};
		3AFD1A132213065100CAFAEC /* Solution126 */ = {
			isa = PBXGroup;
			children = (
				3AFD1A142213065100CAFAEC /* Solution126.swift */,
			);
			path = Solution126;
			sourceTree = "<group>";
		};
/* End PBXGroup section */

/* Begin PBXNativeTarget section */
		3A9EDF5622043FA200A8813A /* leetcodeSolutions */ = {
			isa = PBXNativeTarget;
			buildConfigurationList = 3A9EDF5E22043FA200A8813A /* Build configuration list for PBXNativeTarget "leetcodeSolutions" */;
			buildPhases = (
				3AFD1A052212AE6500CAFAEC /* SwiftLint */,
				3A9EDF5322043FA200A8813A /* Sources */,
				3A9EDF5422043FA200A8813A /* Frameworks */,
				3A9EDF5522043FA200A8813A /* CopyFiles */,
			);
			buildRules = (
			);
			dependencies = (
			);
			name = leetcodeSolutions;
			productName = leetcodeSolutions;
			productReference = 3A9EDF5722043FA200A8813A /* leetcodeSolutions */;
			productType = "com.apple.product-type.tool";
		};
		3AAD2336220442BC008D12BC /* leetCodeSolutionsUnitTest */ = {
			isa = PBXNativeTarget;
			buildConfigurationList = 3AAD233C220442BC008D12BC /* Build configuration list for PBXNativeTarget "leetCodeSolutionsUnitTest" */;
			buildPhases = (
				3AAD2333220442BC008D12BC /* Sources */,
				3AAD2334220442BC008D12BC /* Frameworks */,
				3AAD2335220442BC008D12BC /* Resources */,
			);
			buildRules = (
			);
			dependencies = (
			);
			name = leetCodeSolutionsUnitTest;
			productName = leetCodeSolutionsUnitTest;
			productReference = 3AAD2337220442BC008D12BC /* leetCodeSolutionsUnitTest.xctest */;
			productType = "com.apple.product-type.bundle.unit-test";
		};
/* End PBXNativeTarget section */

/* Begin PBXProject section */
		3A9EDF4F22043FA200A8813A /* Project object */ = {
			isa = PBXProject;
			attributes = {
				LastSwiftUpdateCheck = 1010;
				LastUpgradeCheck = 1010;
				ORGANIZATIONNAME = " Pavel Himach";
				TargetAttributes = {
					3A9EDF5622043FA200A8813A = {
						CreatedOnToolsVersion = 10.1;
					};
					3AAD2336220442BC008D12BC = {
						CreatedOnToolsVersion = 10.1;
					};
				};
			};
			buildConfigurationList = 3A9EDF5222043FA200A8813A /* Build configuration list for PBXProject "leetcodeSolutions" */;
			compatibilityVersion = "Xcode 9.3";
			developmentRegion = en;
			hasScannedForEncodings = 0;
			knownRegions = (
				en,
			);
			mainGroup = 3A9EDF4E22043FA200A8813A;
			productRefGroup = 3A9EDF5822043FA200A8813A /* Products */;
			projectDirPath = "";
			projectRoot = "";
			targets = (
				3A9EDF5622043FA200A8813A /* leetcodeSolutions */,
				3AAD2336220442BC008D12BC /* leetCodeSolutionsUnitTest */,
			);
		};
/* End PBXProject section */

/* Begin PBXResourcesBuildPhase section */
		3AAD2335220442BC008D12BC /* Resources */ = {
			isa = PBXResourcesBuildPhase;
			buildActionMask = 2147483647;
			files = (
				3AF5A56822159982001BE6F8 /* Solution126TestData.json in Resources */,
				3A4821F9221AA31300C4C050 /* Solution149TestData.json in Resources */,
				3AAD234622044827008D12BC /* Solution212TestData.json in Resources */,
			);
			runOnlyForDeploymentPostprocessing = 0;
		};
/* End PBXResourcesBuildPhase section */

/* Begin PBXShellScriptBuildPhase section */
		3AFD1A052212AE6500CAFAEC /* SwiftLint */ = {
			isa = PBXShellScriptBuildPhase;
			buildActionMask = 2147483647;
			files = (
			);
			inputFileListPaths = (
			);
			inputPaths = (
			);
			name = SwiftLint;
			outputFileListPaths = (
			);
			outputPaths = (
			);
			runOnlyForDeploymentPostprocessing = 0;
			shellPath = /bin/sh;
			shellScript = "swiftlint autocorrect\nswiftlint --strict\n";
		};
/* End PBXShellScriptBuildPhase section */

/* Begin PBXSourcesBuildPhase section */
		3A9EDF5322043FA200A8813A /* Sources */ = {
			isa = PBXSourcesBuildPhase;
			buildActionMask = 2147483647;
			files = (
				3AFD1A0C2212C29200CAFAEC /* Solution212.swift in Sources */,
				3A9EDF5B22043FA200A8813A /* main.swift in Sources */,
				3AFD1A152213065100CAFAEC /* Solution126.swift in Sources */,
				3A0C670C2216ADC5003A248F /* Solution149.swift in Sources */,
				3AFD1A0E2212C2A700CAFAEC /* Solution212.Structs.swift in Sources */,
			);
			runOnlyForDeploymentPostprocessing = 0;
		};
		3AAD2333220442BC008D12BC /* Sources */ = {
			isa = PBXSourcesBuildPhase;
			buildActionMask = 2147483647;
			files = (
				3AF5A56B22159C82001BE6F8 /* Solution126.swift in Sources */,
				3AF5A56922159982001BE6F8 /* Solution126Test.swift in Sources */,
				3AFD1A0F2212E9DE00CAFAEC /* Solution212.swift in Sources */,
				3A4821FC221AA3D400C4C050 /* Solution149.swift in Sources */,
				3AF5A56A22159982001BE6F8 /* Solution126TestDataUnit.swift in Sources */,
				3AFD1A102212E9DE00CAFAEC /* Solution212.Structs.swift in Sources */,
				3A4821FA221AA31300C4C050 /* Solution149Test.swift in Sources */,
				3AAD234822044FDF008D12BC /* XCTest+Exstension.swift in Sources */,
				3AAD2344220447E3008D12BC /* Solution212TestDataUnit.swift in Sources */,
				3AAD23412204442A008D12BC /* Solution212Test.swift in Sources */,
				3A4821FB221AA31300C4C050 /* Solution149TestDataUnit.swift in Sources */,
			);
			runOnlyForDeploymentPostprocessing = 0;
		};
/* End PBXSourcesBuildPhase section */

/* Begin XCBuildConfiguration section */
		3A9EDF5C22043FA200A8813A /* Debug */ = {
			isa = XCBuildConfiguration;
			buildSettings = {
				ALWAYS_SEARCH_USER_PATHS = NO;
				CLANG_ANALYZER_NONNULL = YES;
				CLANG_ANALYZER_NUMBER_OBJECT_CONVERSION = YES_AGGRESSIVE;
				CLANG_CXX_LANGUAGE_STANDARD = "gnu++14";
				CLANG_CXX_LIBRARY = "libc++";
				CLANG_ENABLE_MODULES = YES;
				CLANG_ENABLE_OBJC_ARC = YES;
				CLANG_ENABLE_OBJC_WEAK = YES;
				CLANG_WARN_BLOCK_CAPTURE_AUTORELEASING = YES;
				CLANG_WARN_BOOL_CONVERSION = YES;
				CLANG_WARN_COMMA = YES;
				CLANG_WARN_CONSTANT_CONVERSION = YES;
				CLANG_WARN_DEPRECATED_OBJC_IMPLEMENTATIONS = YES;
				CLANG_WARN_DIRECT_OBJC_ISA_USAGE = YES_ERROR;
				CLANG_WARN_DOCUMENTATION_COMMENTS = YES;
				CLANG_WARN_EMPTY_BODY = YES;
				CLANG_WARN_ENUM_CONVERSION = YES;
				CLANG_WARN_INFINITE_RECURSION = YES;
				CLANG_WARN_INT_CONVERSION = YES;
				CLANG_WARN_NON_LITERAL_NULL_CONVERSION = YES;
				CLANG_WARN_OBJC_IMPLICIT_RETAIN_SELF = YES;
				CLANG_WARN_OBJC_LITERAL_CONVERSION = YES;
				CLANG_WARN_OBJC_ROOT_CLASS = YES_ERROR;
				CLANG_WARN_RANGE_LOOP_ANALYSIS = YES;
				CLANG_WARN_STRICT_PROTOTYPES = YES;
				CLANG_WARN_SUSPICIOUS_MOVE = YES;
				CLANG_WARN_UNGUARDED_AVAILABILITY = YES_AGGRESSIVE;
				CLANG_WARN_UNREACHABLE_CODE = YES;
				CLANG_WARN__DUPLICATE_METHOD_MATCH = YES;
				CODE_SIGN_IDENTITY = "-";
				COPY_PHASE_STRIP = NO;
				DEBUG_INFORMATION_FORMAT = dwarf;
				ENABLE_STRICT_OBJC_MSGSEND = YES;
				ENABLE_TESTABILITY = YES;
				GCC_C_LANGUAGE_STANDARD = gnu11;
				GCC_DYNAMIC_NO_PIC = NO;
				GCC_NO_COMMON_BLOCKS = YES;
				GCC_OPTIMIZATION_LEVEL = 0;
				GCC_PREPROCESSOR_DEFINITIONS = (
					"DEBUG=1",
					"$(inherited)",
				);
				GCC_WARN_64_TO_32_BIT_CONVERSION = YES;
				GCC_WARN_ABOUT_RETURN_TYPE = YES_ERROR;
				GCC_WARN_UNDECLARED_SELECTOR = YES;
				GCC_WARN_UNINITIALIZED_AUTOS = YES_AGGRESSIVE;
				GCC_WARN_UNUSED_FUNCTION = YES;
				GCC_WARN_UNUSED_VARIABLE = YES;
				MACOSX_DEPLOYMENT_TARGET = 10.14;
				MTL_ENABLE_DEBUG_INFO = INCLUDE_SOURCE;
				MTL_FAST_MATH = YES;
				ONLY_ACTIVE_ARCH = YES;
				SDKROOT = macosx;
				SWIFT_ACTIVE_COMPILATION_CONDITIONS = DEBUG;
				SWIFT_OPTIMIZATION_LEVEL = "-Onone";
			};
			name = Debug;
		};
		3A9EDF5D22043FA200A8813A /* Release */ = {
			isa = XCBuildConfiguration;
			buildSettings = {
				ALWAYS_SEARCH_USER_PATHS = NO;
				CLANG_ANALYZER_NONNULL = YES;
				CLANG_ANALYZER_NUMBER_OBJECT_CONVERSION = YES_AGGRESSIVE;
				CLANG_CXX_LANGUAGE_STANDARD = "gnu++14";
				CLANG_CXX_LIBRARY = "libc++";
				CLANG_ENABLE_MODULES = YES;
				CLANG_ENABLE_OBJC_ARC = YES;
				CLANG_ENABLE_OBJC_WEAK = YES;
				CLANG_WARN_BLOCK_CAPTURE_AUTORELEASING = YES;
				CLANG_WARN_BOOL_CONVERSION = YES;
				CLANG_WARN_COMMA = YES;
				CLANG_WARN_CONSTANT_CONVERSION = YES;
				CLANG_WARN_DEPRECATED_OBJC_IMPLEMENTATIONS = YES;
				CLANG_WARN_DIRECT_OBJC_ISA_USAGE = YES_ERROR;
				CLANG_WARN_DOCUMENTATION_COMMENTS = YES;
				CLANG_WARN_EMPTY_BODY = YES;
				CLANG_WARN_ENUM_CONVERSION = YES;
				CLANG_WARN_INFINITE_RECURSION = YES;
				CLANG_WARN_INT_CONVERSION = YES;
				CLANG_WARN_NON_LITERAL_NULL_CONVERSION = YES;
				CLANG_WARN_OBJC_IMPLICIT_RETAIN_SELF = YES;
				CLANG_WARN_OBJC_LITERAL_CONVERSION = YES;
				CLANG_WARN_OBJC_ROOT_CLASS = YES_ERROR;
				CLANG_WARN_RANGE_LOOP_ANALYSIS = YES;
				CLANG_WARN_STRICT_PROTOTYPES = YES;
				CLANG_WARN_SUSPICIOUS_MOVE = YES;
				CLANG_WARN_UNGUARDED_AVAILABILITY = YES_AGGRESSIVE;
				CLANG_WARN_UNREACHABLE_CODE = YES;
				CLANG_WARN__DUPLICATE_METHOD_MATCH = YES;
				CODE_SIGN_IDENTITY = "-";
				COPY_PHASE_STRIP = NO;
				DEBUG_INFORMATION_FORMAT = "dwarf-with-dsym";
				ENABLE_NS_ASSERTIONS = NO;
				ENABLE_STRICT_OBJC_MSGSEND = YES;
				GCC_C_LANGUAGE_STANDARD = gnu11;
				GCC_NO_COMMON_BLOCKS = YES;
				GCC_WARN_64_TO_32_BIT_CONVERSION = YES;
				GCC_WARN_ABOUT_RETURN_TYPE = YES_ERROR;
				GCC_WARN_UNDECLARED_SELECTOR = YES;
				GCC_WARN_UNINITIALIZED_AUTOS = YES_AGGRESSIVE;
				GCC_WARN_UNUSED_FUNCTION = YES;
				GCC_WARN_UNUSED_VARIABLE = YES;
				MACOSX_DEPLOYMENT_TARGET = 10.14;
				MTL_ENABLE_DEBUG_INFO = NO;
				MTL_FAST_MATH = YES;
				SDKROOT = macosx;
				SWIFT_COMPILATION_MODE = wholemodule;
				SWIFT_OPTIMIZATION_LEVEL = "-O";
			};
			name = Release;
		};
		3A9EDF5F22043FA200A8813A /* Debug */ = {
			isa = XCBuildConfiguration;
			buildSettings = {
				CODE_SIGN_STYLE = Automatic;
				PRODUCT_NAME = "$(TARGET_NAME)";
				SWIFT_VERSION = 4.2;
			};
			name = Debug;
		};
		3A9EDF6022043FA200A8813A /* Release */ = {
			isa = XCBuildConfiguration;
			buildSettings = {
				CODE_SIGN_STYLE = Automatic;
				PRODUCT_NAME = "$(TARGET_NAME)";
				SWIFT_VERSION = 4.2;
			};
			name = Release;
		};
		3AAD233D220442BC008D12BC /* Debug */ = {
			isa = XCBuildConfiguration;
			buildSettings = {
				CODE_SIGN_STYLE = Automatic;
				COMBINE_HIDPI_IMAGES = YES;
				INFOPLIST_FILE = leetCodeSolutionsUnitTest/Info.plist;
				LD_RUNPATH_SEARCH_PATHS = (
					"$(inherited)",
					"@executable_path/../Frameworks",
					"@loader_path/../Frameworks",
				);
				PRODUCT_BUNDLE_IDENTIFIER = none.leetCodeSolutionsUnitTest;
				PRODUCT_NAME = "$(TARGET_NAME)";
				SWIFT_VERSION = 4.2;
			};
			name = Debug;
		};
		3AAD233E220442BC008D12BC /* Release */ = {
			isa = XCBuildConfiguration;
			buildSettings = {
				CODE_SIGN_STYLE = Automatic;
				COMBINE_HIDPI_IMAGES = YES;
				INFOPLIST_FILE = leetCodeSolutionsUnitTest/Info.plist;
				LD_RUNPATH_SEARCH_PATHS = (
					"$(inherited)",
					"@executable_path/../Frameworks",
					"@loader_path/../Frameworks",
				);
				PRODUCT_BUNDLE_IDENTIFIER = none.leetCodeSolutionsUnitTest;
				PRODUCT_NAME = "$(TARGET_NAME)";
				SWIFT_VERSION = 4.2;
			};
			name = Release;
		};
/* End XCBuildConfiguration section */

/* Begin XCConfigurationList section */
		3A9EDF5222043FA200A8813A /* Build configuration list for PBXProject "leetcodeSolutions" */ = {
			isa = XCConfigurationList;
			buildConfigurations = (
				3A9EDF5C22043FA200A8813A /* Debug */,
				3A9EDF5D22043FA200A8813A /* Release */,
			);
			defaultConfigurationIsVisible = 0;
			defaultConfigurationName = Release;
		};
		3A9EDF5E22043FA200A8813A /* Build configuration list for PBXNativeTarget "leetcodeSolutions" */ = {
			isa = XCConfigurationList;
			buildConfigurations = (
				3A9EDF5F22043FA200A8813A /* Debug */,
				3A9EDF6022043FA200A8813A /* Release */,
			);
			defaultConfigurationIsVisible = 0;
			defaultConfigurationName = Release;
		};
		3AAD233C220442BC008D12BC /* Build configuration list for PBXNativeTarget "leetCodeSolutionsUnitTest" */ = {
			isa = XCConfigurationList;
			buildConfigurations = (
				3AAD233D220442BC008D12BC /* Debug */,
				3AAD233E220442BC008D12BC /* Release */,
			);
			defaultConfigurationIsVisible = 0;
			defaultConfigurationName = Release;
		};
/* End XCConfigurationList section */
	};
	rootObject = 3A9EDF4F22043FA200A8813A /* Project object */;
}
